
Microsoft Visual Studio Solution File, Format Version 12.00
# Visual Studio Version 16
VisualStudioVersion = 16.0.30804.86
MinimumVisualStudioVersion = 10.0.40219.1
Project("{FAE04EC0-301F-11D3-BF4B-00C04F79EFBC}") = "BDPol", "BDPol.csproj", "{EC578AEA-09F9-440C-A95C-3883958666B9}"
EndProject
Global
	GlobalSection(SolutionConfigurationPlatforms) = preSolution
		Debug|Any CPU = Debug|Any CPU
		Release|Any CPU = Release|Any CPU
	EndGlobalSection
	GlobalSection(ProjectConfigurationPlatforms) = postSolution
		{EC578AEA-09F9-440C-A95C-3883958666B9}.Debug|Any CPU.ActiveCfg = Debug|Any CPU
		{EC578AEA-09F9-440C-A95C-3883958666B9}.Debug|Any CPU.Build.0 = Debug|Any CPU
		{EC578AEA-09F9-440C-A95C-3883958666B9}.Release|Any CPU.ActiveCfg = Release|Any CPU
		{EC578AEA-09F9-440C-A95C-3883958666B9}.Release|Any CPU.Build.0 = Release|Any CPU
	EndGlobalSection
	GlobalSection(SolutionProperties) = preSolution
		HideSolutionNode = FALSE
	EndGlobalSection
	GlobalSection(ExtensibilityGlobals) = postSolution
		SolutionGuid = {018CBA15-CC11-4688-9BF4-473BF2CD17FA}
	EndGlobalSection
EndGlobal
